
Microsoft Visual Studio Solution File, Format Version 12.00
# Visual Studio Version 17
VisualStudioVersion = 17.11.35327.3
MinimumVisualStudioVersion = 10.0.40219.1
Project("{FAE04EC0-301F-11D3-BF4B-00C04F79EFBC}") = "LojaABC", "LojaABC\LojaABC.csproj", "{FC10DDDF-7AE0-4FDA-BC72-A3D519CA7C7A}"
EndProject
Project("{FAE04EC0-301F-11D3-BF4B-00C04F79EFBC}") = "Componentes", "Componentes\Componentes.csproj", "{0C49A3F2-5CD7-44AB-806F-9BD72DA9BFCE}"
EndProject
Project("{FAE04EC0-301F-11D3-BF4B-00C04F79EFBC}") = "Calculadora", "Calculadora\Calculadora.csproj", "{53FCEDD2-0715-4C52-8B1F-CF203624841E}"
EndProject
Project("{FAE04EC0-301F-11D3-BF4B-00C04F79EFBC}") = "FolhaPagamento", "FolhaPagamento\FolhaPagamento.csproj", "{924B1B2C-112D-4AB2-9EB3-5F246D054622}"
EndProject
Project("{FAE04EC0-301F-11D3-BF4B-00C04F79EFBC}") = "ProjetoDataGridView", "ProjetoDataGridView\ProjetoDataGridView.csproj", "{EC5022D6-3A8E-4A41-9D88-86014D0DF8EA}"
EndProject
Global
	GlobalSection(SolutionConfigurationPlatforms) = preSolution
		Debug|Any CPU = Debug|Any CPU
		Debug|ARM64 = Debug|ARM64
		Release|Any CPU = Release|Any CPU
		Release|ARM64 = Release|ARM64
	EndGlobalSection
	GlobalSection(ProjectConfigurationPlatforms) = postSolution
		{FC10DDDF-7AE0-4FDA-BC72-A3D519CA7C7A}.Debug|Any CPU.ActiveCfg = Debug|Any CPU
		{FC10DDDF-7AE0-4FDA-BC72-A3D519CA7C7A}.Debug|Any CPU.Build.0 = Debug|Any CPU
		{FC10DDDF-7AE0-4FDA-BC72-A3D519CA7C7A}.Debug|ARM64.ActiveCfg = Debug|ARM64
		{FC10DDDF-7AE0-4FDA-BC72-A3D519CA7C7A}.Debug|ARM64.Build.0 = Debug|ARM64
		{FC10DDDF-7AE0-4FDA-BC72-A3D519CA7C7A}.Release|Any CPU.ActiveCfg = Release|Any CPU
		{FC10DDDF-7AE0-4FDA-BC72-A3D519CA7C7A}.Release|Any CPU.Build.0 = Release|Any CPU
		{FC10DDDF-7AE0-4FDA-BC72-A3D519CA7C7A}.Release|ARM64.ActiveCfg = Release|ARM64
		{FC10DDDF-7AE0-4FDA-BC72-A3D519CA7C7A}.Release|ARM64.Build.0 = Release|ARM64
		{0C49A3F2-5CD7-44AB-806F-9BD72DA9BFCE}.Debug|Any CPU.ActiveCfg = Debug|Any CPU
		{0C49A3F2-5CD7-44AB-806F-9BD72DA9BFCE}.Debug|Any CPU.Build.0 = Debug|Any CPU
		{0C49A3F2-5CD7-44AB-806F-9BD72DA9BFCE}.Debug|ARM64.ActiveCfg = Debug|Any CPU
		{0C49A3F2-5CD7-44AB-806F-9BD72DA9BFCE}.Debug|ARM64.Build.0 = Debug|Any CPU
		{0C49A3F2-5CD7-44AB-806F-9BD72DA9BFCE}.Release|Any CPU.ActiveCfg = Release|Any CPU
		{0C49A3F2-5CD7-44AB-806F-9BD72DA9BFCE}.Release|Any CPU.Build.0 = Release|Any CPU
		{0C49A3F2-5CD7-44AB-806F-9BD72DA9BFCE}.Release|ARM64.ActiveCfg = Release|Any CPU
		{0C49A3F2-5CD7-44AB-806F-9BD72DA9BFCE}.Release|ARM64.Build.0 = Release|Any CPU
		{53FCEDD2-0715-4C52-8B1F-CF203624841E}.Debug|Any CPU.ActiveCfg = Debug|Any CPU
		{53FCEDD2-0715-4C52-8B1F-CF203624841E}.Debug|Any CPU.Build.0 = Debug|Any CPU
		{53FCEDD2-0715-4C52-8B1F-CF203624841E}.Debug|ARM64.ActiveCfg = Debug|Any CPU
		{53FCEDD2-0715-4C52-8B1F-CF203624841E}.Debug|ARM64.Build.0 = Debug|Any CPU
		{53FCEDD2-0715-4C52-8B1F-CF203624841E}.Release|Any CPU.ActiveCfg = Release|Any CPU
		{53FCEDD2-0715-4C52-8B1F-CF203624841E}.Release|Any CPU.Build.0 = Release|Any CPU
		{53FCEDD2-0715-4C52-8B1F-CF203624841E}.Release|ARM64.ActiveCfg = Release|Any CPU
		{53FCEDD2-0715-4C52-8B1F-CF203624841E}.Release|ARM64.Build.0 = Release|Any CPU
		{924B1B2C-112D-4AB2-9EB3-5F246D054622}.Debug|Any CPU.ActiveCfg = Debug|Any CPU
		{924B1B2C-112D-4AB2-9EB3-5F246D054622}.Debug|Any CPU.Build.0 = Debug|Any CPU
		{924B1B2C-112D-4AB2-9EB3-5F246D054622}.Debug|ARM64.ActiveCfg = Debug|Any CPU
		{924B1B2C-112D-4AB2-9EB3-5F246D054622}.Debug|ARM64.Build.0 = Debug|Any CPU
		{924B1B2C-112D-4AB2-9EB3-5F246D054622}.Release|Any CPU.ActiveCfg = Release|Any CPU
		{924B1B2C-112D-4AB2-9EB3-5F246D054622}.Release|Any CPU.Build.0 = Release|Any CPU
		{924B1B2C-112D-4AB2-9EB3-5F246D054622}.Release|ARM64.ActiveCfg = Release|Any CPU
		{924B1B2C-112D-4AB2-9EB3-5F246D054622}.Release|ARM64.Build.0 = Release|Any CPU
		{EC5022D6-3A8E-4A41-9D88-86014D0DF8EA}.Debug|Any CPU.ActiveCfg = Debug|Any CPU
		{EC5022D6-3A8E-4A41-9D88-86014D0DF8EA}.Debug|Any CPU.Build.0 = Debug|Any CPU
		{EC5022D6-3A8E-4A41-9D88-86014D0DF8EA}.Debug|ARM64.ActiveCfg = Debug|Any CPU
		{EC5022D6-3A8E-4A41-9D88-86014D0DF8EA}.Debug|ARM64.Build.0 = Debug|Any CPU
		{EC5022D6-3A8E-4A41-9D88-86014D0DF8EA}.Release|Any CPU.ActiveCfg = Release|Any CPU
		{EC5022D6-3A8E-4A41-9D88-86014D0DF8EA}.Release|Any CPU.Build.0 = Release|Any CPU
		{EC5022D6-3A8E-4A41-9D88-86014D0DF8EA}.Release|ARM64.ActiveCfg = Release|Any CPU
		{EC5022D6-3A8E-4A41-9D88-86014D0DF8EA}.Release|ARM64.Build.0 = Release|Any CPU
	EndGlobalSection
	GlobalSection(SolutionProperties) = preSolution
		HideSolutionNode = FALSE
	EndGlobalSection
	GlobalSection(ExtensibilityGlobals) = postSolution
		SolutionGuid = {5D858C2F-EF24-4F69-B4AA-74F54073816E}
	EndGlobalSection
EndGlobal
